
Microsoft Visual Studio Solution File, Format Version 12.00
# Visual Studio Version 17
VisualStudioVersion = 17.14.36518.9 d17.14
MinimumVisualStudioVersion = 10.0.40219.1
Project("{FAE04EC0-301F-11D3-BF4B-00C04F79EFBC}") = "DATABlinding.dataobject", "DATABlinding.dataobject\DATABlinding.dataobject.csproj", "{06D55A9F-6169-4C9E-914C-5625F2598674}"
EndProject
Global
	GlobalSection(SolutionConfigurationPlatforms) = preSolution
		Debug|Any CPU = Debug|Any CPU
		Release|Any CPU = Release|Any CPU
	EndGlobalSection
	GlobalSection(ProjectConfigurationPlatforms) = postSolution
		{06D55A9F-6169-4C9E-914C-5625F2598674}.Debug|Any CPU.ActiveCfg = Debug|Any CPU
		{06D55A9F-6169-4C9E-914C-5625F2598674}.Debug|Any CPU.Build.0 = Debug|Any CPU
		{06D55A9F-6169-4C9E-914C-5625F2598674}.Debug|Any CPU.Deploy.0 = Debug|Any CPU
		{06D55A9F-6169-4C9E-914C-5625F2598674}.Release|Any CPU.ActiveCfg = Release|Any CPU
		{06D55A9F-6169-4C9E-914C-5625F2598674}.Release|Any CPU.Build.0 = Release|Any CPU
	EndGlobalSection
	GlobalSection(SolutionProperties) = preSolution
		HideSolutionNode = FALSE
	EndGlobalSection
	GlobalSection(ExtensibilityGlobals) = postSolution
		SolutionGuid = {5AB06430-948D-43AE-8EC4-B169BEE9B601}
	EndGlobalSection
EndGlobal
